// !$*UTF8*$!
{
	archiveVersion = 1;
	classes = {
	};
	objectVersion = 77;
	objects = {

/* Begin PBXContainerItemProxy section */
		DDEA63F62D2DDBED00F4FB08 /* PBXContainerItemProxy */ = {
			isa = PBXContainerItemProxy;
			containerPortal = DDEA63D92D2DDBEB00F4FB08 /* Project object */;
			proxyType = 1;
			remoteGlobalIDString = DDEA63E02D2DDBEB00F4FB08;
			remoteInfo = IlliniSpots;
		};
		DDEA64002D2DDBED00F4FB08 /* PBXContainerItemProxy */ = {
			isa = PBXContainerItemProxy;
			containerPortal = DDEA63D92D2DDBEB00F4FB08 /* Project object */;
			proxyType = 1;
			remoteGlobalIDString = DDEA63E02D2DDBEB00F4FB08;
			remoteInfo = IlliniSpots;
		};
/* End PBXContainerItemProxy section */

/* Begin PBXFileReference section */
		DDEA63E12D2DDBEB00F4FB08 /* IlliniSpots.app */ = {isa = PBXFileReference; explicitFileType = wrapper.application; includeInIndex = 0; path = IlliniSpots.app; sourceTree = BUILT_PRODUCTS_DIR; };
		DDEA63F52D2DDBED00F4FB08 /* IlliniSpotsTests.xctest */ = {isa = PBXFileReference; explicitFileType = wrapper.cfbundle; includeInIndex = 0; path = IlliniSpotsTests.xctest; sourceTree = BUILT_PRODUCTS_DIR; };
		DDEA63FF2D2DDBED00F4FB08 /* IlliniSpotsUITests.xctest */ = {isa = PBXFileReference; explicitFileType = wrapper.cfbundle; includeInIndex = 0; path = IlliniSpotsUITests.xctest; sourceTree = BUILT_PRODUCTS_DIR; };
/* End PBXFileReference section */

/* Begin PBXFileSystemSynchronizedBuildFileExceptionSet section */
		DDEA64072D2DDBED00F4FB08 /* Exceptions for "IlliniSpots" folder in "IlliniSpots" target */ = {
			isa = PBXFileSystemSynchronizedBuildFileExceptionSet;
			membershipExceptions = (
				Info.plist,
			);
			target = DDEA63E02D2DDBEB00F4FB08 /* IlliniSpots */;
		};
/* End PBXFileSystemSynchronizedBuildFileExceptionSet section */

/* Begin PBXFileSystemSynchronizedRootGroup section */
		DDEA63E32D2DDBEB00F4FB08 /* IlliniSpots */ = {
			isa = PBXFileSystemSynchronizedRootGroup;
			exceptions = (
				DDEA64072D2DDBED00F4FB08 /* Exceptions for "IlliniSpots" folder in "IlliniSpots" target */,
			);
			path = IlliniSpots;
			sourceTree = "<group>";
		};
		DDEA63F82D2DDBED00F4FB08 /* IlliniSpotsTests */ = {
			isa = PBXFileSystemSynchronizedRootGroup;
			path = IlliniSpotsTests;
			sourceTree = "<group>";
		};
		DDEA64022D2DDBED00F4FB08 /* IlliniSpotsUITests */ = {
			isa = PBXFileSystemSynchronizedRootGroup;
			path = IlliniSpotsUITests;
			sourceTree = "<group>";
		};
/* End PBXFileSystemSynchronizedRootGroup section */

/* Begin PBXFrameworksBuildPhase section */
		DDEA63DE2D2DDBEB00F4FB08 /* Frameworks */ = {
			isa = PBXFrameworksBuildPhase;
			buildActionMask = 2147483647;
			files = (
			);
			runOnlyForDeploymentPostprocessing = 0;
		};
		DDEA63F22D2DDBED00F4FB08 /* Frameworks */ = {
			isa = PBXFrameworksBuildPhase;
			buildActionMask = 2147483647;
			files = (
			);
			runOnlyForDeploymentPostprocessing = 0;
		};
		DDEA63FC2D2DDBED00F4FB08 /* Frameworks */ = {
			isa = PBXFrameworksBuildPhase;
			buildActionMask = 2147483647;
			files = (
			);
			runOnlyForDeploymentPostprocessing = 0;
		};
/* End PBXFrameworksBuildPhase section */

/* Begin PBXGroup section */
		DDEA63D82D2DDBEB00F4FB08 = {
			isa = PBXGroup;
			children = (
				DDEA63E32D2DDBEB00F4FB08 /* IlliniSpots */,
				DDEA63F82D2DDBED00F4FB08 /* IlliniSpotsTests */,
				DDEA64022D2DDBED00F4FB08 /* IlliniSpotsUITests */,
				DDEA63E22D2DDBEB00F4FB08 /* Products */,
			);
			sourceTree = "<group>";
		};
		DDEA63E22D2DDBEB00F4FB08 /* Products */ = {
			isa = PBXGroup;
			children = (
				DDEA63E12D2DDBEB00F4FB08 /* IlliniSpots.app */,
				DDEA63F52D2DDBED00F4FB08 /* IlliniSpotsTests.xctest */,
				DDEA63FF2D2DDBED00F4FB08 /* IlliniSpotsUITests.xctest */,
			);
			name = Products;
			sourceTree = "<group>";
		};
/* End PBXGroup section */

/* Begin PBXNativeTarget section */
		DDEA63E02D2DDBEB00F4FB08 /* IlliniSpots */ = {
			isa = PBXNativeTarget;
			buildConfigurationList = DDEA64082D2DDBED00F4FB08 /* Build configuration list for PBXNativeTarget "IlliniSpots" */;
			buildPhases = (
				DDEA63DD2D2DDBEB00F4FB08 /* Sources */,
				DDEA63DE2D2DDBEB00F4FB08 /* Frameworks */,
				DDEA63DF2D2DDBEB00F4FB08 /* Resources */,
			);
			buildRules = (
			);
			dependencies = (
			);
			fileSystemSynchronizedGroups = (
				DDEA63E32D2DDBEB00F4FB08 /* IlliniSpots */,
			);
			name = IlliniSpots;
			packageProductDependencies = (
			);
			productName = IlliniSpots;
			productReference = DDEA63E12D2DDBEB00F4FB08 /* IlliniSpots.app */;
			productType = "com.apple.product-type.application";
		};
		DDEA63F42D2DDBED00F4FB08 /* IlliniSpotsTests */ = {
			isa = PBXNativeTarget;
			buildConfigurationList = DDEA640D2D2DDBED00F4FB08 /* Build configuration list for PBXNativeTarget "IlliniSpotsTests" */;
			buildPhases = (
				DDEA63F12D2DDBED00F4FB08 /* Sources */,
				DDEA63F22D2DDBED00F4FB08 /* Frameworks */,
				DDEA63F32D2DDBED00F4FB08 /* Resources */,
			);
			buildRules = (
			);
			dependencies = (
				DDEA63F72D2DDBED00F4FB08 /* PBXTargetDependency */,
			);
			fileSystemSynchronizedGroups = (
				DDEA63F82D2DDBED00F4FB08 /* IlliniSpotsTests */,
			);
			name = IlliniSpotsTests;
			packageProductDependencies = (
			);
			productName = IlliniSpotsTests;
			productReference = DDEA63F52D2DDBED00F4FB08 /* IlliniSpotsTests.xctest */;
			productType = "com.apple.product-type.bundle.unit-test";
		};
		DDEA63FE2D2DDBED00F4FB08 /* IlliniSpotsUITests */ = {
			isa = PBXNativeTarget;
			buildConfigurationList = DDEA64102D2DDBED00F4FB08 /* Build configuration list for PBXNativeTarget "IlliniSpotsUITests" */;
			buildPhases = (
				DDEA63FB2D2DDBED00F4FB08 /* Sources */,
				DDEA63FC2D2DDBED00F4FB08 /* Frameworks */,
				DDEA63FD2D2DDBED00F4FB08 /* Resources */,
			);
			buildRules = (
			);
			dependencies = (
				DDEA64012D2DDBED00F4FB08 /* PBXTargetDependency */,
			);
			fileSystemSynchronizedGroups = (
				DDEA64022D2DDBED00F4FB08 /* IlliniSpotsUITests */,
			);
			name = IlliniSpotsUITests;
			packageProductDependencies = (
			);
			productName = IlliniSpotsUITests;
			productReference = DDEA63FF2D2DDBED00F4FB08 /* IlliniSpotsUITests.xctest */;
			productType = "com.apple.product-type.bundle.ui-testing";
		};
/* End PBXNativeTarget section */

/* Begin PBXProject section */
		DDEA63D92D2DDBEB00F4FB08 /* Project object */ = {
			isa = PBXProject;
			attributes = {
				BuildIndependentTargetsInParallel = 1;
				LastSwiftUpdateCheck = 1620;
				LastUpgradeCheck = 1620;
				TargetAttributes = {
					DDEA63E02D2DDBEB00F4FB08 = {
						CreatedOnToolsVersion = 16.2;
					};
					DDEA63F42D2DDBED00F4FB08 = {
						CreatedOnToolsVersion = 16.2;
						TestTargetID = DDEA63E02D2DDBEB00F4FB08;
					};
					DDEA63FE2D2DDBED00F4FB08 = {
						CreatedOnToolsVersion = 16.2;
						TestTargetID = DDEA63E02D2DDBEB00F4FB08;
					};
				};
			};
			buildConfigurationList = DDEA63DC2D2DDBEB00F4FB08 /* Build configuration list for PBXProject "IlliniSpots" */;
			developmentRegion = en;
			hasScannedForEncodings = 0;
			knownRegions = (
				en,
				Base,
			);
			mainGroup = DDEA63D82D2DDBEB00F4FB08;
			minimizedProjectReferenceProxies = 1;
			preferredProjectObjectVersion = 77;
			productRefGroup = DDEA63E22D2DDBEB00F4FB08 /* Products */;
			projectDirPath = "";
			projectRoot = "";
			targets = (
				DDEA63E02D2DDBEB00F4FB08 /* IlliniSpots */,
				DDEA63F42D2DDBED00F4FB08 /* IlliniSpotsTests */,
				DDEA63FE2D2DDBED00F4FB08 /* IlliniSpotsUITests */,
			);
		};
/* End PBXProject section */

/* Begin PBXResourcesBuildPhase section */
		DDEA63DF2D2DDBEB00F4FB08 /* Resources */ = {
			isa = PBXResourcesBuildPhase;
			buildActionMask = 2147483647;
			files = (
			);
			runOnlyForDeploymentPostprocessing = 0;
		};
		DDEA63F32D2DDBED00F4FB08 /* Resources */ = {
			isa = PBXResourcesBuildPhase;
			buildActionMask = 2147483647;
			files = (
			);
			runOnlyForDeploymentPostprocessing = 0;
		};
		DDEA63FD2D2DDBED00F4FB08 /* Resources */ = {
			isa = PBXResourcesBuildPhase;
			buildActionMask = 2147483647;
			files = (
			);
			runOnlyForDeploymentPostprocessing = 0;
		};
/* End PBXResourcesBuildPhase section */

/* Begin PBXSourcesBuildPhase section */
		DDEA63DD2D2DDBEB00F4FB08 /* Sources */ = {
			isa = PBXSourcesBuildPhase;
			buildActionMask = 2147483647;
			files = (
			);
			runOnlyForDeploymentPostprocessing = 0;
		};
		DDEA63F12D2DDBED00F4FB08 /* Sources */ = {
			isa = PBXSourcesBuildPhase;
			buildActionMask = 2147483647;
			files = (
			);
			runOnlyForDeploymentPostprocessing = 0;
		};
		DDEA63FB2D2DDBED00F4FB08 /* Sources */ = {
			isa = PBXSourcesBuildPhase;
			buildActionMask = 2147483647;
			files = (
			);
			runOnlyForDeploymentPostprocessing = 0;
		};
/* End PBXSourcesBuildPhase section */

/* Begin PBXTargetDependency section */
		DDEA63F72D2DDBED00F4FB08 /* PBXTargetDependency */ = {
			isa = PBXTargetDependency;
			target = DDEA63E02D2DDBEB00F4FB08 /* IlliniSpots */;
			targetProxy = DDEA63F62D2DDBED00F4FB08 /* PBXContainerItemProxy */;
		};
		DDEA64012D2DDBED00F4FB08 /* PBXTargetDependency */ = {
			isa = PBXTargetDependency;
			target = DDEA63E02D2DDBEB00F4FB08 /* IlliniSpots */;
			targetProxy = DDEA64002D2DDBED00F4FB08 /* PBXContainerItemProxy */;
		};
/* End PBXTargetDependency section */

/* Begin XCBuildConfiguration section */
		DDEA64092D2DDBED00F4FB08 /* Debug */ = {
			isa = XCBuildConfiguration;
			buildSettings = {
				ASSETCATALOG_COMPILER_APPICON_NAME = AppIcon;
				ASSETCATALOG_COMPILER_GLOBAL_ACCENT_COLOR_NAME = AccentColor;
				CODE_SIGN_ENTITLEMENTS = IlliniSpots/IlliniSpots.entitlements;
				CODE_SIGN_STYLE = Automatic;
				CURRENT_PROJECT_VERSION = 1;
				DEVELOPMENT_ASSET_PATHS = "\"IlliniSpots/Preview Content\"";
				DEVELOPMENT_TEAM = ZNGWS63593;
				ENABLE_PREVIEWS = YES;
				GENERATE_INFOPLIST_FILE = YES;
				INFOPLIST_FILE = IlliniSpots/Info.plist;
				INFOPLIST_KEY_UIApplicationSceneManifest_Generation = YES;
				INFOPLIST_KEY_UIApplicationSupportsIndirectInputEvents = YES;
				INFOPLIST_KEY_UILaunchScreen_Generation = YES;
				INFOPLIST_KEY_UISupportedInterfaceOrientations_iPad = "UIInterfaceOrientationPortrait UIInterfaceOrientationPortraitUpsideDown UIInterfaceOrientationLandscapeLeft UIInterfaceOrientationLandscapeRight";
				INFOPLIST_KEY_UISupportedInterfaceOrientations_iPhone = "UIInterfaceOrientationPortrait UIInterfaceOrientationLandscapeLeft UIInterfaceOrientationLandscapeRight";
				LD_RUNPATH_SEARCH_PATHS = (
					"$(inherited)",
					"@executable_path/Frameworks",
				);
				MARKETING_VERSION = 1.0;
				PRODUCT_BUNDLE_IDENTIFIER = ASA.IlliniSpots;
				PRODUCT_NAME = "$(TARGET_NAME)";
				SWIFT_EMIT_LOC_STRINGS = YES;
				SWIFT_VERSION = 5.0;
				TARGETED_DEVICE_FAMILY = "1,2";
			};
			name = Debug;
		};
		DDEA640A2D2DDBED00F4FB08 /* Release */ = {
			isa = XCBuildConfiguration;
			buildSettings = {
				ASSETCATALOG_COMPILER_APPICON_NAME = AppIcon;
				ASSETCATALOG_COMPILER_GLOBAL_ACCENT_COLOR_NAME = AccentColor;
				CODE_SIGN_ENTITLEMENTS = IlliniSpots/IlliniSpots.entitlements;
				CODE_SIGN_STYLE = Automatic;
				CURRENT_PROJECT_VERSION = 1;
				DEVELOPMENT_ASSET_PATHS = "\"IlliniSpots/Preview Content\"";
				DEVELOPMENT_TEAM = ZNGWS63593;
				ENABLE_PREVIEWS = YES;
				GENERATE_INFOPLIST_FILE = YES;
				INFOPLIST_FILE = IlliniSpots/Info.plist;
				INFOPLIST_KEY_UIApplicationSceneManifest_Generation = YES;
				INFOPLIST_KEY_UIApplicationSupportsIndirectInputEvents = YES;
				INFOPLIST_KEY_UILaunchScreen_Generation = YES;
				INFOPLIST_KEY_UISupportedInterfaceOrientations_iPad = "UIInterfaceOrientationPortrait UIInterfaceOrientationPortraitUpsideDown UIInterfaceOrientationLandscapeLeft UIInterfaceOrientationLandscapeRight";
				INFOPLIST_KEY_UISupportedInterfaceOrientations_iPhone = "UIInterfaceOrientationPortrait UIInterfaceOrientationLandscapeLeft UIInterfaceOrientationLandscapeRight";
				LD_RUNPATH_SEARCH_PATHS = (
					"$(inherited)",
					"@executable_path/Frameworks",
				);
				MARKETING_VERSION = 1.0;
				PRODUCT_BUNDLE_IDENTIFIER = ASA.IlliniSpots;
				PRODUCT_NAME = "$(TARGET_NAME)";
				SWIFT_EMIT_LOC_STRINGS = YES;
				SWIFT_VERSION = 5.0;
				TARGETED_DEVICE_FAMILY = "1,2";
			};
			name = Release;
		};
		DDEA640B2D2DDBED00F4FB08 /* Debug */ = {
			isa = XCBuildConfiguration;
			buildSettings = {
				ALWAYS_SEARCH_USER_PATHS = NO;
				ASSETCATALOG_COMPILER_GENERATE_SWIFT_ASSET_SYMBOL_EXTENSIONS = YES;
				CLANG_ANALYZER_NONNULL = YES;
				CLANG_ANALYZER_NUMBER_OBJECT_CONVERSION = YES_AGGRESSIVE;
				CLANG_CXX_LANGUAGE_STANDARD = "gnu++20";
				CLANG_ENABLE_MODULES = YES;
				CLANG_ENABLE_OBJC_ARC = YES;
				CLANG_ENABLE_OBJC_WEAK = YES;
				CLANG_WARN_BLOCK_CAPTURE_AUTORELEASING = YES;
				CLANG_WARN_BOOL_CONVERSION = YES;
				CLANG_WARN_COMMA = YES;
				CLANG_WARN_CONSTANT_CONVERSION = YES;
				CLANG_WARN_DEPRECATED_OBJC_IMPLEMENTATIONS = YES;
				CLANG_WARN_DIRECT_OBJC_ISA_USAGE = YES_ERROR;
				CLANG_WARN_DOCUMENTATION_COMMENTS = YES;
				CLANG_WARN_EMPTY_BODY = YES;
				CLANG_WARN_ENUM_CONVERSION = YES;
				CLANG_WARN_INFINITE_RECURSION = YES;
				CLANG_WARN_INT_CONVERSION = YES;
				CLANG_WARN_NON_LITERAL_NULL_CONVERSION = YES;
				CLANG_WARN_OBJC_IMPLICIT_RETAIN_SELF = YES;
				CLANG_WARN_OBJC_LITERAL_CONVERSION = YES;
				CLANG_WARN_OBJC_ROOT_CLASS = YES_ERROR;
				CLANG_WARN_QUOTED_INCLUDE_IN_FRAMEWORK_HEADER = YES;
				CLANG_WARN_RANGE_LOOP_ANALYSIS = YES;
				CLANG_WARN_STRICT_PROTOTYPES = YES;
				CLANG_WARN_SUSPICIOUS_MOVE = YES;
				CLANG_WARN_UNGUARDED_AVAILABILITY = YES_AGGRESSIVE;
				CLANG_WARN_UNREACHABLE_CODE = YES;
				CLANG_WARN__DUPLICATE_METHOD_MATCH = YES;
				COPY_PHASE_STRIP = NO;
				DEBUG_INFORMATION_FORMAT = dwarf;
				ENABLE_STRICT_OBJC_MSGSEND = YES;
				ENABLE_TESTABILITY = YES;
				ENABLE_USER_SCRIPT_SANDBOXING = YES;
				GCC_C_LANGUAGE_STANDARD = gnu17;
				GCC_DYNAMIC_NO_PIC = NO;
				GCC_NO_COMMON_BLOCKS = YES;
				GCC_OPTIMIZATION_LEVEL = 0;
				GCC_PREPROCESSOR_DEFINITIONS = (
					"DEBUG=1",
					"$(inherited)",
				);
				GCC_WARN_64_TO_32_BIT_CONVERSION = YES;
				GCC_WARN_ABOUT_RETURN_TYPE = YES_ERROR;
				GCC_WARN_UNDECLARED_SELECTOR = YES;
				GCC_WARN_UNINITIALIZED_AUTOS = YES_AGGRESSIVE;
				GCC_WARN_UNUSED_FUNCTION = YES;
				GCC_WARN_UNUSED_VARIABLE = YES;
				IPHONEOS_DEPLOYMENT_TARGET = 18.2;
				LOCALIZATION_PREFERS_STRING_CATALOGS = YES;
				MTL_ENABLE_DEBUG_INFO = INCLUDE_SOURCE;
				MTL_FAST_MATH = YES;
				ONLY_ACTIVE_ARCH = YES;
				SDKROOT = iphoneos;
				SWIFT_ACTIVE_COMPILATION_CONDITIONS = "DEBUG $(inherited)";
				SWIFT_OPTIMIZATION_LEVEL = "-Onone";
			};
			name = Debug;
		};
		DDEA640C2D2DDBED00F4FB08 /* Release */ = {
			isa = XCBuildConfiguration;
			buildSettings = {
				ALWAYS_SEARCH_USER_PATHS = NO;
				ASSETCATALOG_COMPILER_GENERATE_SWIFT_ASSET_SYMBOL_EXTENSIONS = YES;
				CLANG_ANALYZER_NONNULL = YES;
				CLANG_ANALYZER_NUMBER_OBJECT_CONVERSION = YES_AGGRESSIVE;
				CLANG_CXX_LANGUAGE_STANDARD = "gnu++20";
				CLANG_ENABLE_MODULES = YES;
				CLANG_ENABLE_OBJC_ARC = YES;
				CLANG_ENABLE_OBJC_WEAK = YES;
				CLANG_WARN_BLOCK_CAPTURE_AUTORELEASING = YES;
				CLANG_WARN_BOOL_CONVERSION = YES;
				CLANG_WARN_COMMA = YES;
				CLANG_WARN_CONSTANT_CONVERSION = YES;
				CLANG_WARN_DEPRECATED_OBJC_IMPLEMENTATIONS = YES;
				CLANG_WARN_DIRECT_OBJC_ISA_USAGE = YES_ERROR;
				CLANG_WARN_DOCUMENTATION_COMMENTS = YES;
				CLANG_WARN_EMPTY_BODY = YES;
				CLANG_WARN_ENUM_CONVERSION = YES;
				CLANG_WARN_INFINITE_RECURSION = YES;
				CLANG_WARN_INT_CONVERSION = YES;
				CLANG_WARN_NON_LITERAL_NULL_CONVERSION = YES;
				CLANG_WARN_OBJC_IMPLICIT_RETAIN_SELF = YES;
				CLANG_WARN_OBJC_LITERAL_CONVERSION = YES;
				CLANG_WARN_OBJC_ROOT_CLASS = YES_ERROR;
				CLANG_WARN_QUOTED_INCLUDE_IN_FRAMEWORK_HEADER = YES;
				CLANG_WARN_RANGE_LOOP_ANALYSIS = YES;
				CLANG_WARN_STRICT_PROTOTYPES = YES;
				CLANG_WARN_SUSPICIOUS_MOVE = YES;
				CLANG_WARN_UNGUARDED_AVAILABILITY = YES_AGGRESSIVE;
				CLANG_WARN_UNREACHABLE_CODE = YES;
				CLANG_WARN__DUPLICATE_METHOD_MATCH = YES;
				COPY_PHASE_STRIP = NO;
				DEBUG_INFORMATION_FORMAT = "dwarf-with-dsym";
				ENABLE_NS_ASSERTIONS = NO;
				ENABLE_STRICT_OBJC_MSGSEND = YES;
				ENABLE_USER_SCRIPT_SANDBOXING = YES;
				GCC_C_LANGUAGE_STANDARD = gnu17;
				GCC_NO_COMMON_BLOCKS = YES;
				GCC_WARN_64_TO_32_BIT_CONVERSION = YES;
				GCC_WARN_ABOUT_RETURN_TYPE = YES_ERROR;
				GCC_WARN_UNDECLARED_SELECTOR = YES;
				GCC_WARN_UNINITIALIZED_AUTOS = YES_AGGRESSIVE;
				GCC_WARN_UNUSED_FUNCTION = YES;
				GCC_WARN_UNUSED_VARIABLE = YES;
				IPHONEOS_DEPLOYMENT_TARGET = 18.2;
				LOCALIZATION_PREFERS_STRING_CATALOGS = YES;
				MTL_ENABLE_DEBUG_INFO = NO;
				MTL_FAST_MATH = YES;
				SDKROOT = iphoneos;
				SWIFT_COMPILATION_MODE = wholemodule;
				VALIDATE_PRODUCT = YES;
			};
			name = Release;
		};
		DDEA640E2D2DDBED00F4FB08 /* Debug */ = {
			isa = XCBuildConfiguration;
			buildSettings = {
				BUNDLE_LOADER = "$(TEST_HOST)";
				CODE_SIGN_STYLE = Automatic;
				CURRENT_PROJECT_VERSION = 1;
				DEVELOPMENT_TEAM = ZNGWS63593;
				GENERATE_INFOPLIST_FILE = YES;
				IPHONEOS_DEPLOYMENT_TARGET = 18.2;
				MARKETING_VERSION = 1.0;
				PRODUCT_BUNDLE_IDENTIFIER = ASA.IlliniSpotsTests;
				PRODUCT_NAME = "$(TARGET_NAME)";
				SWIFT_EMIT_LOC_STRINGS = NO;
				SWIFT_VERSION = 5.0;
				TARGETED_DEVICE_FAMILY = "1,2";
				TEST_HOST = "$(BUILT_PRODUCTS_DIR)/IlliniSpots.app/$(BUNDLE_EXECUTABLE_FOLDER_PATH)/IlliniSpots";
			};
			name = Debug;
		};
		DDEA640F2D2DDBED00F4FB08 /* Release */ = {
			isa = XCBuildConfiguration;
			buildSettings = {
				BUNDLE_LOADER = "$(TEST_HOST)";
				CODE_SIGN_STYLE = Automatic;
				CURRENT_PROJECT_VERSION = 1;
				DEVELOPMENT_TEAM = ZNGWS63593;
				GENERATE_INFOPLIST_FILE = YES;
				IPHONEOS_DEPLOYMENT_TARGET = 18.2;
				MARKETING_VERSION = 1.0;
				PRODUCT_BUNDLE_IDENTIFIER = ASA.IlliniSpotsTests;
				PRODUCT_NAME = "$(TARGET_NAME)";
				SWIFT_EMIT_LOC_STRINGS = NO;
				SWIFT_VERSION = 5.0;
				TARGETED_DEVICE_FAMILY = "1,2";
				TEST_HOST = "$(BUILT_PRODUCTS_DIR)/IlliniSpots.app/$(BUNDLE_EXECUTABLE_FOLDER_PATH)/IlliniSpots";
			};
			name = Release;
		};
		DDEA64112D2DDBED00F4FB08 /* Debug */ = {
			isa = XCBuildConfiguration;
			buildSettings = {
				CODE_SIGN_STYLE = Automatic;
				CURRENT_PROJECT_VERSION = 1;
				DEVELOPMENT_TEAM = ZNGWS63593;
				GENERATE_INFOPLIST_FILE = YES;
				MARKETING_VERSION = 1.0;
				PRODUCT_BUNDLE_IDENTIFIER = ASA.IlliniSpotsUITests;
				PRODUCT_NAME = "$(TARGET_NAME)";
				SWIFT_EMIT_LOC_STRINGS = NO;
				SWIFT_VERSION = 5.0;
				TARGETED_DEVICE_FAMILY = "1,2";
				TEST_TARGET_NAME = IlliniSpots;
			};
			name = Debug;
		};
		DDEA64122D2DDBED00F4FB08 /* Release */ = {
			isa = XCBuildConfiguration;
			buildSettings = {
				CODE_SIGN_STYLE = Automatic;
				CURRENT_PROJECT_VERSION = 1;
				DEVELOPMENT_TEAM = ZNGWS63593;
				GENERATE_INFOPLIST_FILE = YES;
				MARKETING_VERSION = 1.0;
				PRODUCT_BUNDLE_IDENTIFIER = ASA.IlliniSpotsUITests;
				PRODUCT_NAME = "$(TARGET_NAME)";
				SWIFT_EMIT_LOC_STRINGS = NO;
				SWIFT_VERSION = 5.0;
				TARGETED_DEVICE_FAMILY = "1,2";
				TEST_TARGET_NAME = IlliniSpots;
			};
			name = Release;
		};
/* End XCBuildConfiguration section */

/* Begin XCConfigurationList section */
		DDEA63DC2D2DDBEB00F4FB08 /* Build configuration list for PBXProject "IlliniSpots" */ = {
			isa = XCConfigurationList;
			buildConfigurations = (
				DDEA640B2D2DDBED00F4FB08 /* Debug */,
				DDEA640C2D2DDBED00F4FB08 /* Release */,
			);
			defaultConfigurationIsVisible = 0;
			defaultConfigurationName = Release;
		};
		DDEA64082D2DDBED00F4FB08 /* Build configuration list for PBXNativeTarget "IlliniSpots" */ = {
			isa = XCConfigurationList;
			buildConfigurations = (
				DDEA64092D2DDBED00F4FB08 /* Debug */,
				DDEA640A2D2DDBED00F4FB08 /* Release */,
			);
			defaultConfigurationIsVisible = 0;
			defaultConfigurationName = Release;
		};
		DDEA640D2D2DDBED00F4FB08 /* Build configuration list for PBXNativeTarget "IlliniSpotsTests" */ = {
			isa = XCConfigurationList;
			buildConfigurations = (
				DDEA640E2D2DDBED00F4FB08 /* Debug */,
				DDEA640F2D2DDBED00F4FB08 /* Release */,
			);
			defaultConfigurationIsVisible = 0;
			defaultConfigurationName = Release;
		};
		DDEA64102D2DDBED00F4FB08 /* Build configuration list for PBXNativeTarget "IlliniSpotsUITests" */ = {
			isa = XCConfigurationList;
			buildConfigurations = (
				DDEA64112D2DDBED00F4FB08 /* Debug */,
				DDEA64122D2DDBED00F4FB08 /* Release */,
			);
			defaultConfigurationIsVisible = 0;
			defaultConfigurationName = Release;
		};
/* End XCConfigurationList section */
	};
	rootObject = DDEA63D92D2DDBEB00F4FB08 /* Project object */;
}
